<?xml version="1.0" encoding="utf-8"?>
<Project ToolsVersion="4.0" xmlns="http://schemas.microsoft.com/developer/msbuild/2003">
  <ItemGroup>
    <Filter Include="ソース ファイル">
      <UniqueIdentifier>{4FC737F1-C7A5-4376-A066-2A32D752A2FF}</UniqueIdentifier>
      <Extensions>cpp;c;cc;cxx;def;odl;idl;hpj;bat;asm;asmx</Extensions>
    </Filter>
    <Filter Include="ヘッダー ファイル">
      <UniqueIdentifier>{93995380-89BD-4b04-88EB-625FBE52EBFB}</UniqueIdentifier>
      <Extensions>h;hh;hpp;hxx;hm;inl;inc;xsd</Extensions>
    </Filter>
    <Filter Include="ソース ファイル\描画系">
      <UniqueIdentifier>{2c3be369-b755-4be4-a538-662ee04f3fb8}</UniqueIdentifier>
    </Filter>
    <Filter Include="ソース ファイル\マネージャー系">
      <UniqueIdentifier>{d4548cf1-a14a-4367-a9df-5c43bd0e7a83}</UniqueIdentifier>
    </Filter>
    <Filter Include="ソース ファイル\メイン">
      <UniqueIdentifier>{c44045b5-180b-4c97-b2dc-447a5f98ccdf}</UniqueIdentifier>
    </Filter>
    <Filter Include="ソース ファイル\モーション">
      <UniqueIdentifier>{48dbcdfd-b080-4f86-b015-8c8abb8931b3}</UniqueIdentifier>
    </Filter>
    <Filter Include="ソース ファイル\モデル">
      <UniqueIdentifier>{1ce21b97-4d58-4b03-977e-5d77196b650f}</UniqueIdentifier>
    </Filter>
    <Filter Include="ソース ファイル\ライト">
      <UniqueIdentifier>{6bc736eb-7abf-4297-9ba2-aa17cf242032}</UniqueIdentifier>
    </Filter>
    <Filter Include="ソース ファイル\リザルト">
      <UniqueIdentifier>{fda60ed7-6146-47ef-9c93-1b781c7b73e2}</UniqueIdentifier>
    </Filter>
    <Filter Include="ソース ファイル\具材">
      <UniqueIdentifier>{5bb7feae-e67c-4231-b575-eb0ccc616d1a}</UniqueIdentifier>
    </Filter>
    <Filter Include="ソース ファイル\床">
      <UniqueIdentifier>{60a6cca4-ded3-43f1-9be4-d147a7fef62b}</UniqueIdentifier>
    </Filter>
    <Filter Include="ソース ファイル\単一モデル生成">
      <UniqueIdentifier>{c1e7c6b5-ce67-4488-9ba5-e33e419a84f3}</UniqueIdentifier>
    </Filter>
    <Filter Include="ソース ファイル\敵">
      <UniqueIdentifier>{31c695c4-fbf1-4d8e-afd9-aa46dda5a75e}</UniqueIdentifier>
    </Filter>
    <Filter Include="ソース ファイル\入力系">
      <UniqueIdentifier>{e34acde5-74bd-4627-b582-25dbcb78c9ce}</UniqueIdentifier>
    </Filter>
    <Filter Include="ソース ファイル\入力系\DirectXInput">
      <UniqueIdentifier>{4adcd4c3-093d-46f8-b6ba-574ab69bebad}</UniqueIdentifier>
    </Filter>
    <Filter Include="ソース ファイル\ゲームシーン">
      <UniqueIdentifier>{3954b7fa-6891-4211-a431-1e7342d2b105}</UniqueIdentifier>
    </Filter>
    <Filter Include="ソース ファイル\アイテム系/ビルボード">
      <UniqueIdentifier>{f6cf87e5-c742-4aba-ad30-822f222db3a7}</UniqueIdentifier>
    </Filter>
    <Filter Include="ソース ファイル\オブジェクト系">
      <UniqueIdentifier>{79f20f25-c6ec-48d2-b7f5-b769dde25f09}</UniqueIdentifier>
    </Filter>
    <Filter Include="ソース ファイル\カウンター">
      <UniqueIdentifier>{58a9a83f-fa6c-43f0-8113-439557888816}</UniqueIdentifier>
    </Filter>
    <Filter Include="ソース ファイル\カメラ">
      <UniqueIdentifier>{6d5f607a-da9d-408e-a7ed-d466327cf4f9}</UniqueIdentifier>
    </Filter>
    <Filter Include="ソース ファイル\タイトル">
      <UniqueIdentifier>{21a31352-5f03-474e-bb72-0d9b3d6d38ae}</UniqueIdentifier>
    </Filter>
    <Filter Include="ソース ファイル\テクスチャ">
      <UniqueIdentifier>{9e97955c-ab1a-460f-98eb-82c6f5d20695}</UniqueIdentifier>
    </Filter>
    <Filter Include="ソース ファイル\ファイル読み込み">
      <UniqueIdentifier>{22fc07d3-51c0-4937-8dea-565906615309}</UniqueIdentifier>
    </Filter>
    <Filter Include="ソース ファイル\フィールド/ウォール/スフィア">
      <UniqueIdentifier>{6861e3d4-9a8c-4b6c-a43a-4dba493d982a}</UniqueIdentifier>
    </Filter>
    <Filter Include="ソース ファイル\フィールド/ウォール/スフィア\壁">
      <UniqueIdentifier>{a6cba92b-cefe-4426-9a4e-19ca014fc8e7}</UniqueIdentifier>
    </Filter>
    <Filter Include="ソース ファイル\フェード">
      <UniqueIdentifier>{0f886684-6442-4717-91d4-d107438ea5aa}</UniqueIdentifier>
    </Filter>
    <Filter Include="ソース ファイル\プレイヤー">
      <UniqueIdentifier>{867e6b9b-eee0-4a9a-b4fe-a0c122a8e113}</UniqueIdentifier>
    </Filter>
    <Filter Include="リソース ファイル">
      <UniqueIdentifier>{67DA6AB6-F800-4c08-8B7A-83BB121AAD01}</UniqueIdentifier>
      <Extensions>rc;ico;cur;bmp;dlg;rc2;rct;bin;rgs;gif;jpg;jpeg;jpe;resx;tiff;tif;png;wav;mfcribbon-ms</Extensions>
    </Filter>
    <Filter Include="ソース ファイル\UI">
      <UniqueIdentifier>{c06133b6-3f9d-4399-bfe0-d687e99b91ca}</UniqueIdentifier>
    </Filter>
    <Filter Include="ソース ファイル\ネットワーク">
      <UniqueIdentifier>{bbe261db-4926-4fe4-9cfc-52eef6d814fc}</UniqueIdentifier>
    </Filter>
  </ItemGroup>
  <ItemGroup>
    <ClInclude Include="item.h">
      <Filter>ソース ファイル\アイテム系/ビルボード</Filter>
    </ClInclude>
    <ClInclude Include="billboard.h">
      <Filter>ソース ファイル\アイテム系/ビルボード</Filter>
    </ClInclude>
    <ClInclude Include="wall.h">
      <Filter>ソース ファイル\フィールド/ウォール/スフィア\壁</Filter>
    </ClInclude>
    <ClInclude Include="result.h">
      <Filter>ソース ファイル\リザルト</Filter>
    </ClInclude>
    <ClInclude Include="player.h">
      <Filter>ソース ファイル\プレイヤー</Filter>
    </ClInclude>
    <ClInclude Include="player_ingredient_data.h">
      <Filter>ソース ファイル\プレイヤー</Filter>
    </ClInclude>
    <ClInclude Include="enemy.h">
      <Filter>ソース ファイル\敵</Filter>
    </ClInclude>
    <ClInclude Include="game.h">
      <Filter>ソース ファイル\ゲームシーン</Filter>
    </ClInclude>
    <ClInclude Include="field.h">
      <Filter>ソース ファイル\床</Filter>
    </ClInclude>
    <ClInclude Include="camera.h">
      <Filter>ソース ファイル\カメラ</Filter>
    </ClInclude>
    <ClInclude Include="counter.h">
      <Filter>ソース ファイル\カウンター</Filter>
    </ClInclude>
    <ClInclude Include="directinput.h">
      <Filter>ソース ファイル\入力系\DirectXInput</Filter>
    </ClInclude>
    <ClInclude Include="fade.h">
      <Filter>ソース ファイル\フェード</Filter>
    </ClInclude>
    <ClInclude Include="fileload.h">
      <Filter>ソース ファイル\ファイル読み込み</Filter>
    </ClInclude>
    <ClInclude Include="ingredients.h">
      <Filter>ソース ファイル\具材</Filter>
    </ClInclude>
    <ClInclude Include="input.h">
      <Filter>ソース ファイル\入力系</Filter>
    </ClInclude>
    <ClInclude Include="keyinput.h">
      <Filter>ソース ファイル\入力系</Filter>
    </ClInclude>
    <ClInclude Include="light.h">
      <Filter>ソース ファイル\ライト</Filter>
    </ClInclude>
    <ClInclude Include="main.h">
      <Filter>ソース ファイル\メイン</Filter>
    </ClInclude>
    <ClInclude Include="manager.h">
      <Filter>ソース ファイル\マネージャー系</Filter>
    </ClInclude>
    <ClInclude Include="scenemanager.h">
      <Filter>ソース ファイル\マネージャー系</Filter>
    </ClInclude>
    <ClInclude Include="meshfloo.h">
      <Filter>ソース ファイル\フィールド/ウォール/スフィア</Filter>
    </ClInclude>
    <ClInclude Include="meshsphere.h">
      <Filter>ソース ファイル\フィールド/ウォール/スフィア</Filter>
    </ClInclude>
    <ClInclude Include="model.h">
      <Filter>ソース ファイル\モデル</Filter>
    </ClInclude>
    <ClInclude Include="singlemodel.h">
      <Filter>ソース ファイル\単一モデル生成</Filter>
    </ClInclude>
    <ClInclude Include="motion.h">
      <Filter>ソース ファイル\モーション</Filter>
    </ClInclude>
    <ClInclude Include="mouseinput.h">
      <Filter>ソース ファイル\入力系</Filter>
    </ClInclude>
    <ClInclude Include="object.h">
      <Filter>ソース ファイル\オブジェクト系</Filter>
    </ClInclude>
    <ClInclude Include="object2D.h">
      <Filter>ソース ファイル\オブジェクト系</Filter>
    </ClInclude>
    <ClInclude Include="object3D.h">
      <Filter>ソース ファイル\オブジェクト系</Filter>
    </ClInclude>
    <ClInclude Include="renderer.h">
      <Filter>ソース ファイル\描画系</Filter>
    </ClInclude>
    <ClInclude Include="texture.h">
      <Filter>ソース ファイル\テクスチャ</Filter>
    </ClInclude>
    <ClInclude Include="title.h">
      <Filter>ソース ファイル\タイトル</Filter>
    </ClInclude>
    <ClInclude Include="move_ui.h">
      <Filter>ソース ファイル\UI</Filter>
    </ClInclude>
    <ClInclude Include="2d_ingredients.h">
      <Filter>ソース ファイル\具材</Filter>
    </ClInclude>
    <ClInclude Include="XInput.h">
      <Filter>ソース ファイル\入力系</Filter>
    </ClInclude>
    <ClInclude Include="networkmanager.h">
      <Filter>ソース ファイル\ネットワーク</Filter>
    </ClInclude>
    <ClInclude Include="tcp_client.h">
      <Filter>ソース ファイル\ネットワーク</Filter>
    </ClInclude>
    <ClInclude Include="communicationdata.h">
      <Filter>ソース ファイル\ネットワーク</Filter>
    </ClInclude>
    <ClInclude Include="enemyplayer.h">
      <Filter>ソース ファイル\敵</Filter>
    </ClInclude>
  </ItemGroup>
  <ItemGroup>
    <ClCompile Include="item.cpp">
      <Filter>ソース ファイル\アイテム系/ビルボード</Filter>
    </ClCompile>
    <ClCompile Include="billboard.cpp">
      <Filter>ソース ファイル\アイテム系/ビルボード</Filter>
    </ClCompile>
    <ClCompile Include="wall.cpp">
      <Filter>ソース ファイル\フィールド/ウォール/スフィア\壁</Filter>
    </ClCompile>
    <ClCompile Include="result.cpp">
      <Filter>ソース ファイル\リザルト</Filter>
    </ClCompile>
    <ClCompile Include="player.cpp">
      <Filter>ソース ファイル\プレイヤー</Filter>
    </ClCompile>
    <ClCompile Include="player_ingredient_data.cpp">
      <Filter>ソース ファイル\プレイヤー</Filter>
    </ClCompile>
    <ClCompile Include="enemy.cpp">
      <Filter>ソース ファイル\敵</Filter>
    </ClCompile>
    <ClCompile Include="game.cpp">
      <Filter>ソース ファイル\ゲームシーン</Filter>
    </ClCompile>
    <ClCompile Include="field.cpp">
      <Filter>ソース ファイル\床</Filter>
    </ClCompile>
    <ClCompile Include="camera.cpp">
      <Filter>ソース ファイル\カメラ</Filter>
    </ClCompile>
    <ClCompile Include="counter.cpp">
      <Filter>ソース ファイル\カウンター</Filter>
    </ClCompile>
    <ClCompile Include="directinput.cpp">
      <Filter>ソース ファイル\入力系\DirectXInput</Filter>
    </ClCompile>
    <ClCompile Include="fade.cpp">
      <Filter>ソース ファイル\フェード</Filter>
    </ClCompile>
    <ClCompile Include="fileload.cpp">
      <Filter>ソース ファイル\ファイル読み込み</Filter>
    </ClCompile>
    <ClCompile Include="ingredients.cpp">
      <Filter>ソース ファイル\具材</Filter>
    </ClCompile>
    <ClCompile Include="input.cpp">
      <Filter>ソース ファイル\入力系</Filter>
    </ClCompile>
    <ClCompile Include="keyinput.cpp">
      <Filter>ソース ファイル\入力系</Filter>
    </ClCompile>
    <ClCompile Include="light.cpp">
      <Filter>ソース ファイル\ライト</Filter>
    </ClCompile>
    <ClCompile Include="main.cpp">
      <Filter>ソース ファイル\メイン</Filter>
    </ClCompile>
    <ClCompile Include="manager.cpp">
      <Filter>ソース ファイル\マネージャー系</Filter>
    </ClCompile>
    <ClCompile Include="scenemanager.cpp">
      <Filter>ソース ファイル\マネージャー系</Filter>
    </ClCompile>
    <ClCompile Include="meshfloo.cpp">
      <Filter>ソース ファイル\フィールド/ウォール/スフィア</Filter>
    </ClCompile>
    <ClCompile Include="meshsphere.cpp">
      <Filter>ソース ファイル\フィールド/ウォール/スフィア</Filter>
    </ClCompile>
    <ClCompile Include="model.cpp">
      <Filter>ソース ファイル\モデル</Filter>
    </ClCompile>
    <ClCompile Include="singlemodel.cpp">
      <Filter>ソース ファイル\単一モデル生成</Filter>
    </ClCompile>
    <ClCompile Include="motion.cpp">
      <Filter>ソース ファイル\モーション</Filter>
    </ClCompile>
    <ClCompile Include="mouseinput.cpp">
      <Filter>ソース ファイル\入力系</Filter>
    </ClCompile>
    <ClCompile Include="object.cpp">
      <Filter>ソース ファイル\オブジェクト系</Filter>
    </ClCompile>
    <ClCompile Include="object2D.cpp">
      <Filter>ソース ファイル\オブジェクト系</Filter>
    </ClCompile>
    <ClCompile Include="object3D.cpp">
      <Filter>ソース ファイル\オブジェクト系</Filter>
    </ClCompile>
    <ClCompile Include="renderer.cpp">
      <Filter>ソース ファイル\描画系</Filter>
    </ClCompile>
    <ClCompile Include="texture.cpp">
      <Filter>ソース ファイル\テクスチャ</Filter>
    </ClCompile>
    <ClCompile Include="title.cpp">
      <Filter>ソース ファイル\タイトル</Filter>
    </ClCompile>
    <ClCompile Include="move_ui.cpp">
      <Filter>ソース ファイル\UI</Filter>
    </ClCompile>
    <ClCompile Include="2d_ingredients.cpp">
      <Filter>ソース ファイル\具材</Filter>
    </ClCompile>
    <ClCompile Include="XInput.cpp">
      <Filter>ソース ファイル\入力系</Filter>
    </ClCompile>
    <ClCompile Include="networkmanager.cpp">
      <Filter>ソース ファイル\ネットワーク</Filter>
    </ClCompile>
    <ClCompile Include="tcp_client.cpp">
      <Filter>ソース ファイル\ネットワーク</Filter>
    </ClCompile>
    <ClCompile Include="communicationdata.cpp">
      <Filter>ソース ファイル\ネットワーク</Filter>
    </ClCompile>
    <ClCompile Include="enemyplayer.cpp">
      <Filter>ソース ファイル\敵</Filter>
    </ClCompile>
  </ItemGroup>
</Project>